
Microsoft Visual Studio Solution File, Format Version 12.00
# Visual Studio Version 17
VisualStudioVersion = 17.4.33403.182
MinimumVisualStudioVersion = 10.0.40219.1
Project("{9A19103F-16F7-4668-BE54-9A1E7A4F7556}") = "CompetitionTask", "CompetitionTask\CompetitionTask.csproj", "{B8430CC1-2EA7-42D3-8D3B-2B25165FB1B9}"
EndProject
Project("{2150E333-8FDC-42A3-9474-1A3956D46DE8}") = "Solution Items", "Solution Items", "{171FE136-22B5-415E-B9C8-FEC6A5E99A52}"
	ProjectSection(SolutionItems) = preProject
		.editorconfig = .editorconfig
	EndProjectSection
EndProject
Global
	GlobalSection(SolutionConfigurationPlatforms) = preSolution
		Debug|Any CPU = Debug|Any CPU
		Release|Any CPU = Release|Any CPU
	EndGlobalSection
	GlobalSection(ProjectConfigurationPlatforms) = postSolution
		{B8430CC1-2EA7-42D3-8D3B-2B25165FB1B9}.Debug|Any CPU.ActiveCfg = Debug|Any CPU
		{B8430CC1-2EA7-42D3-8D3B-2B25165FB1B9}.Debug|Any CPU.Build.0 = Debug|Any CPU
		{B8430CC1-2EA7-42D3-8D3B-2B25165FB1B9}.Release|Any CPU.ActiveCfg = Release|Any CPU
		{B8430CC1-2EA7-42D3-8D3B-2B25165FB1B9}.Release|Any CPU.Build.0 = Release|Any CPU
	EndGlobalSection
	GlobalSection(SolutionProperties) = preSolution
		HideSolutionNode = FALSE
	EndGlobalSection
	GlobalSection(ExtensibilityGlobals) = postSolution
		SolutionGuid = {1B2313E4-39B0-40E8-BFD8-0C66E9F0D161}
	EndGlobalSection
EndGlobal
